
Microsoft Visual Studio Solution File, Format Version 12.00
# Visual Studio 14
VisualStudioVersion = 14.0.25420.1
MinimumVisualStudioVersion = 10.0.40219.1
Project("{F184B08F-C81C-45F6-A57F-5ABD9991F28F}") = "ZCMC_Packing", "Kuantum\ZCMC_Packing.vbproj", "{72300099-9E6A-4C38-93E8-E46D858BE37B}"
EndProject
Project("{F184B08F-C81C-45F6-A57F-5ABD9991F28F}") = "MB", "MB\MB.vbproj", "{9540977E-C923-4C67-B721-1A0337940061}"
EndProject
Project("{F184B08F-C81C-45F6-A57F-5ABD9991F28F}") = "Database", "Database-add-CL\ClassLibrary1\Database.vbproj", "{D8831368-D71B-4115-9587-D0E34210B29C}"
EndProject
Project("{F184B08F-C81C-45F6-A57F-5ABD9991F28F}") = "CS", "CS\CS.vbproj", "{BFEAA60A-DD4C-445F-B2FF-2764C232A356}"
EndProject
Project("{F184B08F-C81C-45F6-A57F-5ABD9991F28F}") = "User", "User\User.vbproj", "{CE8426B2-9F2F-41EA-A833-85EEA7CEB4E2}"
EndProject
Global
	GlobalSection(SolutionConfigurationPlatforms) = preSolution
		Debug|Any CPU = Debug|Any CPU
		Release|Any CPU = Release|Any CPU
	EndGlobalSection
	GlobalSection(ProjectConfigurationPlatforms) = postSolution
		{72300099-9E6A-4C38-93E8-E46D858BE37B}.Debug|Any CPU.ActiveCfg = Debug|Any CPU
		{72300099-9E6A-4C38-93E8-E46D858BE37B}.Debug|Any CPU.Build.0 = Debug|Any CPU
		{72300099-9E6A-4C38-93E8-E46D858BE37B}.Release|Any CPU.ActiveCfg = Release|Any CPU
		{72300099-9E6A-4C38-93E8-E46D858BE37B}.Release|Any CPU.Build.0 = Release|Any CPU
		{9540977E-C923-4C67-B721-1A0337940061}.Debug|Any CPU.ActiveCfg = Debug|Any CPU
		{9540977E-C923-4C67-B721-1A0337940061}.Debug|Any CPU.Build.0 = Debug|Any CPU
		{9540977E-C923-4C67-B721-1A0337940061}.Release|Any CPU.ActiveCfg = Release|Any CPU
		{9540977E-C923-4C67-B721-1A0337940061}.Release|Any CPU.Build.0 = Release|Any CPU
		{D8831368-D71B-4115-9587-D0E34210B29C}.Debug|Any CPU.ActiveCfg = Debug|Any CPU
		{D8831368-D71B-4115-9587-D0E34210B29C}.Debug|Any CPU.Build.0 = Debug|Any CPU
		{D8831368-D71B-4115-9587-D0E34210B29C}.Release|Any CPU.ActiveCfg = Release|Any CPU
		{D8831368-D71B-4115-9587-D0E34210B29C}.Release|Any CPU.Build.0 = Release|Any CPU
		{BFEAA60A-DD4C-445F-B2FF-2764C232A356}.Debug|Any CPU.ActiveCfg = Debug|Any CPU
		{BFEAA60A-DD4C-445F-B2FF-2764C232A356}.Debug|Any CPU.Build.0 = Debug|Any CPU
		{BFEAA60A-DD4C-445F-B2FF-2764C232A356}.Release|Any CPU.ActiveCfg = Release|Any CPU
		{BFEAA60A-DD4C-445F-B2FF-2764C232A356}.Release|Any CPU.Build.0 = Release|Any CPU
		{CE8426B2-9F2F-41EA-A833-85EEA7CEB4E2}.Debug|Any CPU.ActiveCfg = Debug|Any CPU
		{CE8426B2-9F2F-41EA-A833-85EEA7CEB4E2}.Debug|Any CPU.Build.0 = Debug|Any CPU
		{CE8426B2-9F2F-41EA-A833-85EEA7CEB4E2}.Release|Any CPU.ActiveCfg = Release|Any CPU
		{CE8426B2-9F2F-41EA-A833-85EEA7CEB4E2}.Release|Any CPU.Build.0 = Release|Any CPU
	EndGlobalSection
	GlobalSection(SolutionProperties) = preSolution
		HideSolutionNode = FALSE
	EndGlobalSection
EndGlobal
